
Microsoft Visual Studio Solution File, Format Version 12.00
# Visual Studio Version 17
VisualStudioVersion = 17.2.32616.157
MinimumVisualStudioVersion = 15.0.26124.0
Project("{9A19103F-16F7-4668-BE54-9A1E7A4F7556}") = "Core", "Core\Core.csproj", "{6E4F84F8-8354-4B10-82FD-40FB90B4B5C6}"
EndProject
Project("{2150E333-8FDC-42A3-9474-1A3956D46DE8}") = "Solution Items", "Solution Items", "{576D5652-BFDB-48CA-9374-B2F76D507F9A}"
	ProjectSection(SolutionItems) = preProject
		.editorconfig = .editorconfig
		.gitignore = .gitignore
		Dockerfile = Dockerfile
	EndProjectSection
EndProject
Project("{9A19103F-16F7-4668-BE54-9A1E7A4F7556}") = "Infrastructure", "Infrastructure\Infrastructure.csproj", "{C9C1B654-AFAF-4E5B-B766-664734E2739F}"
EndProject
Project("{9A19103F-16F7-4668-BE54-9A1E7A4F7556}") = "API", "API\API.csproj", "{616E1103-C35A-44A9-B78B-64B382C97DF6}"
EndProject
Project("{9A19103F-16F7-4668-BE54-9A1E7A4F7556}") = "FrontendApp", "FrontendApp\FrontendApp.csproj", "{1A843228-AB11-43B7-879D-278B82CBE5B8}"
EndProject
Project("{9A19103F-16F7-4668-BE54-9A1E7A4F7556}") = "AdminPortalElixirHand", "AdminPortalElixirHand\AdminPortalElixirHand.csproj", "{031D0015-5A8D-47D4-B8C2-278EE853BE66}"
EndProject
Global
	GlobalSection(SolutionConfigurationPlatforms) = preSolution
		Debug|Any CPU = Debug|Any CPU
		Debug|ARM64 = Debug|ARM64
		Debug|x64 = Debug|x64
		Debug|x86 = Debug|x86
		Release|Any CPU = Release|Any CPU
		Release|ARM64 = Release|ARM64
		Release|x64 = Release|x64
		Release|x86 = Release|x86
	EndGlobalSection
	GlobalSection(ProjectConfigurationPlatforms) = postSolution
		{6E4F84F8-8354-4B10-82FD-40FB90B4B5C6}.Debug|Any CPU.ActiveCfg = Debug|Any CPU
		{6E4F84F8-8354-4B10-82FD-40FB90B4B5C6}.Debug|Any CPU.Build.0 = Debug|Any CPU
		{6E4F84F8-8354-4B10-82FD-40FB90B4B5C6}.Debug|ARM64.ActiveCfg = Debug|ARM64
		{6E4F84F8-8354-4B10-82FD-40FB90B4B5C6}.Debug|ARM64.Build.0 = Debug|ARM64
		{6E4F84F8-8354-4B10-82FD-40FB90B4B5C6}.Debug|x64.ActiveCfg = Debug|Any CPU
		{6E4F84F8-8354-4B10-82FD-40FB90B4B5C6}.Debug|x64.Build.0 = Debug|Any CPU
		{6E4F84F8-8354-4B10-82FD-40FB90B4B5C6}.Debug|x86.ActiveCfg = Debug|Any CPU
		{6E4F84F8-8354-4B10-82FD-40FB90B4B5C6}.Debug|x86.Build.0 = Debug|Any CPU
		{6E4F84F8-8354-4B10-82FD-40FB90B4B5C6}.Release|Any CPU.ActiveCfg = Release|Any CPU
		{6E4F84F8-8354-4B10-82FD-40FB90B4B5C6}.Release|Any CPU.Build.0 = Release|Any CPU
		{6E4F84F8-8354-4B10-82FD-40FB90B4B5C6}.Release|ARM64.ActiveCfg = Release|ARM64
		{6E4F84F8-8354-4B10-82FD-40FB90B4B5C6}.Release|ARM64.Build.0 = Release|ARM64
		{6E4F84F8-8354-4B10-82FD-40FB90B4B5C6}.Release|x64.ActiveCfg = Release|Any CPU
		{6E4F84F8-8354-4B10-82FD-40FB90B4B5C6}.Release|x64.Build.0 = Release|Any CPU
		{6E4F84F8-8354-4B10-82FD-40FB90B4B5C6}.Release|x86.ActiveCfg = Release|Any CPU
		{6E4F84F8-8354-4B10-82FD-40FB90B4B5C6}.Release|x86.Build.0 = Release|Any CPU
		{C9C1B654-AFAF-4E5B-B766-664734E2739F}.Debug|Any CPU.ActiveCfg = Debug|Any CPU
		{C9C1B654-AFAF-4E5B-B766-664734E2739F}.Debug|Any CPU.Build.0 = Debug|Any CPU
		{C9C1B654-AFAF-4E5B-B766-664734E2739F}.Debug|ARM64.ActiveCfg = Debug|ARM64
		{C9C1B654-AFAF-4E5B-B766-664734E2739F}.Debug|ARM64.Build.0 = Debug|ARM64
		{C9C1B654-AFAF-4E5B-B766-664734E2739F}.Debug|x64.ActiveCfg = Debug|Any CPU
		{C9C1B654-AFAF-4E5B-B766-664734E2739F}.Debug|x64.Build.0 = Debug|Any CPU
		{C9C1B654-AFAF-4E5B-B766-664734E2739F}.Debug|x86.ActiveCfg = Debug|Any CPU
		{C9C1B654-AFAF-4E5B-B766-664734E2739F}.Debug|x86.Build.0 = Debug|Any CPU
		{C9C1B654-AFAF-4E5B-B766-664734E2739F}.Release|Any CPU.ActiveCfg = Release|Any CPU
		{C9C1B654-AFAF-4E5B-B766-664734E2739F}.Release|Any CPU.Build.0 = Release|Any CPU
		{C9C1B654-AFAF-4E5B-B766-664734E2739F}.Release|ARM64.ActiveCfg = Release|ARM64
		{C9C1B654-AFAF-4E5B-B766-664734E2739F}.Release|ARM64.Build.0 = Release|ARM64
		{C9C1B654-AFAF-4E5B-B766-664734E2739F}.Release|x64.ActiveCfg = Release|Any CPU
		{C9C1B654-AFAF-4E5B-B766-664734E2739F}.Release|x64.Build.0 = Release|Any CPU
		{C9C1B654-AFAF-4E5B-B766-664734E2739F}.Release|x86.ActiveCfg = Release|Any CPU
		{C9C1B654-AFAF-4E5B-B766-664734E2739F}.Release|x86.Build.0 = Release|Any CPU
		{616E1103-C35A-44A9-B78B-64B382C97DF6}.Debug|Any CPU.ActiveCfg = Debug|Any CPU
		{616E1103-C35A-44A9-B78B-64B382C97DF6}.Debug|Any CPU.Build.0 = Debug|Any CPU
		{616E1103-C35A-44A9-B78B-64B382C97DF6}.Debug|ARM64.ActiveCfg = Debug|Any CPU
		{616E1103-C35A-44A9-B78B-64B382C97DF6}.Debug|ARM64.Build.0 = Debug|Any CPU
		{616E1103-C35A-44A9-B78B-64B382C97DF6}.Debug|x64.ActiveCfg = Debug|Any CPU
		{616E1103-C35A-44A9-B78B-64B382C97DF6}.Debug|x64.Build.0 = Debug|Any CPU
		{616E1103-C35A-44A9-B78B-64B382C97DF6}.Debug|x86.ActiveCfg = Debug|Any CPU
		{616E1103-C35A-44A9-B78B-64B382C97DF6}.Debug|x86.Build.0 = Debug|Any CPU
		{616E1103-C35A-44A9-B78B-64B382C97DF6}.Release|Any CPU.ActiveCfg = Release|Any CPU
		{616E1103-C35A-44A9-B78B-64B382C97DF6}.Release|Any CPU.Build.0 = Release|Any CPU
		{616E1103-C35A-44A9-B78B-64B382C97DF6}.Release|ARM64.ActiveCfg = Release|Any CPU
		{616E1103-C35A-44A9-B78B-64B382C97DF6}.Release|ARM64.Build.0 = Release|Any CPU
		{616E1103-C35A-44A9-B78B-64B382C97DF6}.Release|x64.ActiveCfg = Release|Any CPU
		{616E1103-C35A-44A9-B78B-64B382C97DF6}.Release|x64.Build.0 = Release|Any CPU
		{616E1103-C35A-44A9-B78B-64B382C97DF6}.Release|x86.ActiveCfg = Release|Any CPU
		{616E1103-C35A-44A9-B78B-64B382C97DF6}.Release|x86.Build.0 = Release|Any CPU
		{1A843228-AB11-43B7-879D-278B82CBE5B8}.Debug|Any CPU.ActiveCfg = Debug|Any CPU
		{1A843228-AB11-43B7-879D-278B82CBE5B8}.Debug|Any CPU.Build.0 = Debug|Any CPU
		{1A843228-AB11-43B7-879D-278B82CBE5B8}.Debug|ARM64.ActiveCfg = Debug|ARM64
		{1A843228-AB11-43B7-879D-278B82CBE5B8}.Debug|ARM64.Build.0 = Debug|ARM64
		{1A843228-AB11-43B7-879D-278B82CBE5B8}.Debug|x64.ActiveCfg = Debug|Any CPU
		{1A843228-AB11-43B7-879D-278B82CBE5B8}.Debug|x64.Build.0 = Debug|Any CPU
		{1A843228-AB11-43B7-879D-278B82CBE5B8}.Debug|x86.ActiveCfg = Debug|Any CPU
		{1A843228-AB11-43B7-879D-278B82CBE5B8}.Debug|x86.Build.0 = Debug|Any CPU
		{1A843228-AB11-43B7-879D-278B82CBE5B8}.Release|Any CPU.ActiveCfg = Release|Any CPU
		{1A843228-AB11-43B7-879D-278B82CBE5B8}.Release|Any CPU.Build.0 = Release|Any CPU
		{1A843228-AB11-43B7-879D-278B82CBE5B8}.Release|ARM64.ActiveCfg = Release|ARM64
		{1A843228-AB11-43B7-879D-278B82CBE5B8}.Release|ARM64.Build.0 = Release|ARM64
		{1A843228-AB11-43B7-879D-278B82CBE5B8}.Release|x64.ActiveCfg = Release|Any CPU
		{1A843228-AB11-43B7-879D-278B82CBE5B8}.Release|x64.Build.0 = Release|Any CPU
		{1A843228-AB11-43B7-879D-278B82CBE5B8}.Release|x86.ActiveCfg = Release|Any CPU
		{1A843228-AB11-43B7-879D-278B82CBE5B8}.Release|x86.Build.0 = Release|Any CPU
		{031D0015-5A8D-47D4-B8C2-278EE853BE66}.Debug|Any CPU.ActiveCfg = Debug|Any CPU
		{031D0015-5A8D-47D4-B8C2-278EE853BE66}.Debug|Any CPU.Build.0 = Debug|Any CPU
		{031D0015-5A8D-47D4-B8C2-278EE853BE66}.Debug|ARM64.ActiveCfg = Debug|Any CPU
		{031D0015-5A8D-47D4-B8C2-278EE853BE66}.Debug|ARM64.Build.0 = Debug|Any CPU
		{031D0015-5A8D-47D4-B8C2-278EE853BE66}.Debug|x64.ActiveCfg = Debug|Any CPU
		{031D0015-5A8D-47D4-B8C2-278EE853BE66}.Debug|x64.Build.0 = Debug|Any CPU
		{031D0015-5A8D-47D4-B8C2-278EE853BE66}.Debug|x86.ActiveCfg = Debug|Any CPU
		{031D0015-5A8D-47D4-B8C2-278EE853BE66}.Debug|x86.Build.0 = Debug|Any CPU
		{031D0015-5A8D-47D4-B8C2-278EE853BE66}.Release|Any CPU.ActiveCfg = Release|Any CPU
		{031D0015-5A8D-47D4-B8C2-278EE853BE66}.Release|Any CPU.Build.0 = Release|Any CPU
		{031D0015-5A8D-47D4-B8C2-278EE853BE66}.Release|ARM64.ActiveCfg = Release|Any CPU
		{031D0015-5A8D-47D4-B8C2-278EE853BE66}.Release|ARM64.Build.0 = Release|Any CPU
		{031D0015-5A8D-47D4-B8C2-278EE853BE66}.Release|x64.ActiveCfg = Release|Any CPU
		{031D0015-5A8D-47D4-B8C2-278EE853BE66}.Release|x64.Build.0 = Release|Any CPU
		{031D0015-5A8D-47D4-B8C2-278EE853BE66}.Release|x86.ActiveCfg = Release|Any CPU
		{031D0015-5A8D-47D4-B8C2-278EE853BE66}.Release|x86.Build.0 = Release|Any CPU
	EndGlobalSection
	GlobalSection(SolutionProperties) = preSolution
		HideSolutionNode = FALSE
	EndGlobalSection
	GlobalSection(ExtensibilityGlobals) = postSolution
		SolutionGuid = {43DD2FA3-7752-4B1D-BBB0-83FFABC42B1D}
	EndGlobalSection
EndGlobal
